// !$*UTF8*$!
{
	archiveVersion = 1;
	classes = {
	};
	objectVersion = 50;
	objects = {

/* Begin PBXBuildFile section */
		346B7B00214D54F1003BF737 /* NetworkManager.swift in Sources */ = {isa = PBXBuildFile; fileRef = 346B7AF8214D54F1003BF737 /* NetworkManager.swift */; };
		346B7B01214D54F1003BF737 /* NetworkManagerInterface.swift in Sources */ = {isa = PBXBuildFile; fileRef = 346B7AF9214D54F1003BF737 /* NetworkManagerInterface.swift */; };
		346B7B02214D54F1003BF737 /* RequestBuilder.swift in Sources */ = {isa = PBXBuildFile; fileRef = 346B7AFA214D54F1003BF737 /* RequestBuilder.swift */; };
		346B7B03214D54F1003BF737 /* RequestProtocol.swift in Sources */ = {isa = PBXBuildFile; fileRef = 346B7AFB214D54F1003BF737 /* RequestProtocol.swift */; };
		346B7B04214D54F1003BF737 /* Result.swift in Sources */ = {isa = PBXBuildFile; fileRef = 346B7AFD214D54F1003BF737 /* Result.swift */; };
		346B7B05214D54F1003BF737 /* URLRequest+curl.swift in Sources */ = {isa = PBXBuildFile; fileRef = 346B7AFF214D54F1003BF737 /* URLRequest+curl.swift */; };
		346B7B09214D554F003BF737 /* Logger.swift in Sources */ = {isa = PBXBuildFile; fileRef = 346B7B07214D554F003BF737 /* Logger.swift */; };
		346B7B0A214D554F003BF737 /* LoggerEventType.swift in Sources */ = {isa = PBXBuildFile; fileRef = 346B7B08214D554F003BF737 /* LoggerEventType.swift */; };
		346B7B0C214D55AE003BF737 /* EssentiaError.swift in Sources */ = {isa = PBXBuildFile; fileRef = 346B7B0B214D55AE003BF737 /* EssentiaError.swift */; };
		346B7B0F214D55E9003BF737 /* ErrorMessage.swift in Sources */ = {isa = PBXBuildFile; fileRef = 346B7B0E214D55E9003BF737 /* ErrorMessage.swift */; };
		34B70BA6214D5BBC00FFD48C /* EssentiaNetworkCoreTests.swift in Sources */ = {isa = PBXBuildFile; fileRef = 34B70BA5214D5BBC00FFD48C /* EssentiaNetworkCoreTests.swift */; };
		34B70BA8214D5BBC00FFD48C /* libessentia-network-core-ios.a in Frameworks */ = {isa = PBXBuildFile; fileRef = 346B7AED214D5204003BF737 /* libessentia-network-core-ios.a */; };
		34B70BAF214D5C2C00FFD48C /* TestEndpoint.swift in Sources */ = {isa = PBXBuildFile; fileRef = 34B70BAE214D5C2C00FFD48C /* TestEndpoint.swift */; };
		34B70BB0214D5DB700FFD48C /* NetworkManager.swift in Sources */ = {isa = PBXBuildFile; fileRef = 346B7AF8214D54F1003BF737 /* NetworkManager.swift */; };
		34B70BB1214D5DBA00FFD48C /* RequestProtocol.swift in Sources */ = {isa = PBXBuildFile; fileRef = 346B7AFB214D54F1003BF737 /* RequestProtocol.swift */; };
		34B70BB2214D5DF600FFD48C /* NetworkManagerInterface.swift in Sources */ = {isa = PBXBuildFile; fileRef = 346B7AF9214D54F1003BF737 /* NetworkManagerInterface.swift */; };
		34B70BB3214D5DFE00FFD48C /* EssentiaError.swift in Sources */ = {isa = PBXBuildFile; fileRef = 346B7B0B214D55AE003BF737 /* EssentiaError.swift */; };
		34B70BB4214D5E0200FFD48C /* ErrorMessage.swift in Sources */ = {isa = PBXBuildFile; fileRef = 346B7B0E214D55E9003BF737 /* ErrorMessage.swift */; };
		34B70BB5214D5E0400FFD48C /* LoggerEventType.swift in Sources */ = {isa = PBXBuildFile; fileRef = 346B7B08214D554F003BF737 /* LoggerEventType.swift */; };
		34B70BB6214D5E0800FFD48C /* Logger.swift in Sources */ = {isa = PBXBuildFile; fileRef = 346B7B07214D554F003BF737 /* Logger.swift */; };
		34B70BB7214D5E0D00FFD48C /* RequestBuilder.swift in Sources */ = {isa = PBXBuildFile; fileRef = 346B7AFA214D54F1003BF737 /* RequestBuilder.swift */; };
		34B70BB8214D5E1100FFD48C /* URLRequest+curl.swift in Sources */ = {isa = PBXBuildFile; fileRef = 346B7AFF214D54F1003BF737 /* URLRequest+curl.swift */; };
		34B70BB9214D5E1500FFD48C /* Result.swift in Sources */ = {isa = PBXBuildFile; fileRef = 346B7AFD214D54F1003BF737 /* Result.swift */; };
/* End PBXBuildFile section */

/* Begin PBXContainerItemProxy section */
		34B70BA9214D5BBC00FFD48C /* PBXContainerItemProxy */ = {
			isa = PBXContainerItemProxy;
			containerPortal = 346B7AE5214D5204003BF737 /* Project object */;
			proxyType = 1;
			remoteGlobalIDString = 346B7AEC214D5204003BF737;
			remoteInfo = "essentia-network-core-ios";
		};
/* End PBXContainerItemProxy section */

/* Begin PBXCopyFilesBuildPhase section */
		346B7AEB214D5204003BF737 /* CopyFiles */ = {
			isa = PBXCopyFilesBuildPhase;
			buildActionMask = 2147483647;
			dstPath = "include/$(PRODUCT_NAME)";
			dstSubfolderSpec = 16;
			files = (
			);
			runOnlyForDeploymentPostprocessing = 0;
		};
/* End PBXCopyFilesBuildPhase section */

/* Begin PBXFileReference section */
		346B7AED214D5204003BF737 /* libessentia-network-core-ios.a */ = {isa = PBXFileReference; explicitFileType = archive.ar; includeInIndex = 0; path = "libessentia-network-core-ios.a"; sourceTree = BUILT_PRODUCTS_DIR; };
		346B7AF8214D54F1003BF737 /* NetworkManager.swift */ = {isa = PBXFileReference; fileEncoding = 4; lastKnownFileType = sourcecode.swift; path = NetworkManager.swift; sourceTree = "<group>"; };
		346B7AF9214D54F1003BF737 /* NetworkManagerInterface.swift */ = {isa = PBXFileReference; fileEncoding = 4; lastKnownFileType = sourcecode.swift; path = NetworkManagerInterface.swift; sourceTree = "<group>"; };
		346B7AFA214D54F1003BF737 /* RequestBuilder.swift */ = {isa = PBXFileReference; fileEncoding = 4; lastKnownFileType = sourcecode.swift; path = RequestBuilder.swift; sourceTree = "<group>"; };
		346B7AFB214D54F1003BF737 /* RequestProtocol.swift */ = {isa = PBXFileReference; fileEncoding = 4; lastKnownFileType = sourcecode.swift; path = RequestProtocol.swift; sourceTree = "<group>"; };
		346B7AFD214D54F1003BF737 /* Result.swift */ = {isa = PBXFileReference; fileEncoding = 4; lastKnownFileType = sourcecode.swift; path = Result.swift; sourceTree = "<group>"; };
		346B7AFF214D54F1003BF737 /* URLRequest+curl.swift */ = {isa = PBXFileReference; fileEncoding = 4; lastKnownFileType = sourcecode.swift; path = "URLRequest+curl.swift"; sourceTree = "<group>"; };
		346B7B07214D554F003BF737 /* Logger.swift */ = {isa = PBXFileReference; fileEncoding = 4; lastKnownFileType = sourcecode.swift; path = Logger.swift; sourceTree = "<group>"; };
		346B7B08214D554F003BF737 /* LoggerEventType.swift */ = {isa = PBXFileReference; fileEncoding = 4; lastKnownFileType = sourcecode.swift; path = LoggerEventType.swift; sourceTree = "<group>"; };
		346B7B0B214D55AE003BF737 /* EssentiaError.swift */ = {isa = PBXFileReference; lastKnownFileType = sourcecode.swift; path = EssentiaError.swift; sourceTree = "<group>"; };
		346B7B0E214D55E9003BF737 /* ErrorMessage.swift */ = {isa = PBXFileReference; lastKnownFileType = sourcecode.swift; path = ErrorMessage.swift; sourceTree = "<group>"; };
		34B70BA3214D5BBC00FFD48C /* essentia-network-core-ios-tests.xctest */ = {isa = PBXFileReference; explicitFileType = wrapper.cfbundle; includeInIndex = 0; path = "essentia-network-core-ios-tests.xctest"; sourceTree = BUILT_PRODUCTS_DIR; };
		34B70BA5214D5BBC00FFD48C /* EssentiaNetworkCoreTests.swift */ = {isa = PBXFileReference; lastKnownFileType = sourcecode.swift; path = EssentiaNetworkCoreTests.swift; sourceTree = "<group>"; };
		34B70BA7214D5BBC00FFD48C /* Info.plist */ = {isa = PBXFileReference; lastKnownFileType = text.plist.xml; path = Info.plist; sourceTree = "<group>"; };
		34B70BAE214D5C2C00FFD48C /* TestEndpoint.swift */ = {isa = PBXFileReference; lastKnownFileType = sourcecode.swift; path = TestEndpoint.swift; sourceTree = "<group>"; };
/* End PBXFileReference section */

/* Begin PBXFrameworksBuildPhase section */
		346B7AEA214D5204003BF737 /* Frameworks */ = {
			isa = PBXFrameworksBuildPhase;
			buildActionMask = 2147483647;
			files = (
			);
			runOnlyForDeploymentPostprocessing = 0;
		};
		34B70BA0214D5BBC00FFD48C /* Frameworks */ = {
			isa = PBXFrameworksBuildPhase;
			buildActionMask = 2147483647;
			files = (
				34B70BA8214D5BBC00FFD48C /* libessentia-network-core-ios.a in Frameworks */,
			);
			runOnlyForDeploymentPostprocessing = 0;
		};
/* End PBXFrameworksBuildPhase section */

/* Begin PBXGroup section */
		346B7AE4214D5204003BF737 = {
			isa = PBXGroup;
			children = (
				346B7AEF214D5204003BF737 /* essentia-network-core-ios */,
				34B70BA4214D5BBC00FFD48C /* essentia-network-core-ios-tests */,
				346B7AEE214D5204003BF737 /* Products */,
			);
			sourceTree = "<group>";
		};
		346B7AEE214D5204003BF737 /* Products */ = {
			isa = PBXGroup;
			children = (
				346B7AED214D5204003BF737 /* libessentia-network-core-ios.a */,
				34B70BA3214D5BBC00FFD48C /* essentia-network-core-ios-tests.xctest */,
			);
			name = Products;
			sourceTree = "<group>";
		};
		346B7AEF214D5204003BF737 /* essentia-network-core-ios */ = {
			isa = PBXGroup;
			children = (
				346B7B0D214D55D7003BF737 /* Error */,
				346B7B06214D554F003BF737 /* Logger */,
				346B7AF7214D54F1003BF737 /* Core */,
				346B7AFE214D54F1003BF737 /* Extension */,
				346B7AFC214D54F1003BF737 /* Helpers */,
			);
			path = "essentia-network-core-ios";
			sourceTree = "<group>";
		};
		346B7AF7214D54F1003BF737 /* Core */ = {
			isa = PBXGroup;
			children = (
				346B7AF8214D54F1003BF737 /* NetworkManager.swift */,
				346B7AF9214D54F1003BF737 /* NetworkManagerInterface.swift */,
				346B7AFA214D54F1003BF737 /* RequestBuilder.swift */,
				346B7AFB214D54F1003BF737 /* RequestProtocol.swift */,
			);
			path = Core;
			sourceTree = "<group>";
		};
		346B7AFC214D54F1003BF737 /* Helpers */ = {
			isa = PBXGroup;
			children = (
				346B7AFD214D54F1003BF737 /* Result.swift */,
			);
			path = Helpers;
			sourceTree = "<group>";
		};
		346B7AFE214D54F1003BF737 /* Extension */ = {
			isa = PBXGroup;
			children = (
				346B7AFF214D54F1003BF737 /* URLRequest+curl.swift */,
			);
			path = Extension;
			sourceTree = "<group>";
		};
		346B7B06214D554F003BF737 /* Logger */ = {
			isa = PBXGroup;
			children = (
				346B7B07214D554F003BF737 /* Logger.swift */,
				346B7B08214D554F003BF737 /* LoggerEventType.swift */,
			);
			path = Logger;
			sourceTree = "<group>";
		};
		346B7B0D214D55D7003BF737 /* Error */ = {
			isa = PBXGroup;
			children = (
				346B7B0B214D55AE003BF737 /* EssentiaError.swift */,
				346B7B0E214D55E9003BF737 /* ErrorMessage.swift */,
			);
			path = Error;
			sourceTree = "<group>";
		};
		34B70BA4214D5BBC00FFD48C /* essentia-network-core-ios-tests */ = {
			isa = PBXGroup;
			children = (
				34B70BA5214D5BBC00FFD48C /* EssentiaNetworkCoreTests.swift */,
				34B70BA7214D5BBC00FFD48C /* Info.plist */,
				34B70BAE214D5C2C00FFD48C /* TestEndpoint.swift */,
			);
			path = "essentia-network-core-ios-tests";
			sourceTree = "<group>";
		};
/* End PBXGroup section */

/* Begin PBXNativeTarget section */
		346B7AEC214D5204003BF737 /* essentia-network-core-ios */ = {
			isa = PBXNativeTarget;
			buildConfigurationList = 346B7AF4214D5204003BF737 /* Build configuration list for PBXNativeTarget "essentia-network-core-ios" */;
			buildPhases = (
				346B7AE9214D5204003BF737 /* Sources */,
				346B7AEA214D5204003BF737 /* Frameworks */,
				346B7AEB214D5204003BF737 /* CopyFiles */,
				34B70B9E214D593100FFD48C /* ShellScript */,
			);
			buildRules = (
			);
			dependencies = (
			);
			name = "essentia-network-core-ios";
			productName = "essentia-network-core-ios";
			productReference = 346B7AED214D5204003BF737 /* libessentia-network-core-ios.a */;
			productType = "com.apple.product-type.library.static";
		};
		34B70BA2214D5BBC00FFD48C /* essentia-network-core-ios-tests */ = {
			isa = PBXNativeTarget;
			buildConfigurationList = 34B70BAD214D5BBC00FFD48C /* Build configuration list for PBXNativeTarget "essentia-network-core-ios-tests" */;
			buildPhases = (
				34B70B9F214D5BBC00FFD48C /* Sources */,
				34B70BA0214D5BBC00FFD48C /* Frameworks */,
				34B70BA1214D5BBC00FFD48C /* Resources */,
			);
			buildRules = (
			);
			dependencies = (
				34B70BAA214D5BBC00FFD48C /* PBXTargetDependency */,
			);
			name = "essentia-network-core-ios-tests";
			productName = "essentia-network-core-ios-tests";
			productReference = 34B70BA3214D5BBC00FFD48C /* essentia-network-core-ios-tests.xctest */;
			productType = "com.apple.product-type.bundle.unit-test";
		};
/* End PBXNativeTarget section */

/* Begin PBXProject section */
		346B7AE5214D5204003BF737 /* Project object */ = {
			isa = PBXProject;
			attributes = {
				LastSwiftUpdateCheck = 0940;
				LastUpgradeCheck = 0940;
				ORGANIZATIONNAME = "Essentia-One";
				TargetAttributes = {
					346B7AEC214D5204003BF737 = {
						CreatedOnToolsVersion = 9.4.1;
					};
					34B70BA2214D5BBC00FFD48C = {
						CreatedOnToolsVersion = 9.4.1;
					};
				};
			};
			buildConfigurationList = 346B7AE8214D5204003BF737 /* Build configuration list for PBXProject "essentia-network-core-ios" */;
			compatibilityVersion = "Xcode 9.3";
			developmentRegion = en;
			hasScannedForEncodings = 0;
			knownRegions = (
				en,
			);
			mainGroup = 346B7AE4214D5204003BF737;
			productRefGroup = 346B7AEE214D5204003BF737 /* Products */;
			projectDirPath = "";
			projectRoot = "";
			targets = (
				346B7AEC214D5204003BF737 /* essentia-network-core-ios */,
				34B70BA2214D5BBC00FFD48C /* essentia-network-core-ios-tests */,
			);
		};
/* End PBXProject section */

/* Begin PBXResourcesBuildPhase section */
		34B70BA1214D5BBC00FFD48C /* Resources */ = {
			isa = PBXResourcesBuildPhase;
			buildActionMask = 2147483647;
			files = (
			);
			runOnlyForDeploymentPostprocessing = 0;
		};
/* End PBXResourcesBuildPhase section */

/* Begin PBXShellScriptBuildPhase section */
		34B70B9E214D593100FFD48C /* ShellScript */ = {
			isa = PBXShellScriptBuildPhase;
			buildActionMask = 2147483647;
			files = (
			);
			inputPaths = (
			);
			outputPaths = (
			);
			runOnlyForDeploymentPostprocessing = 0;
			shellPath = /bin/sh;
			shellScript = "if which swiftlint >/dev/null; then\nswiftlint\nelse\necho \"warning: SwiftLint not installed, download from https://github.com/realm/SwiftLint\"\nfi";
		};
/* End PBXShellScriptBuildPhase section */

/* Begin PBXSourcesBuildPhase section */
		346B7AE9214D5204003BF737 /* Sources */ = {
			isa = PBXSourcesBuildPhase;
			buildActionMask = 2147483647;
			files = (
				346B7B02214D54F1003BF737 /* RequestBuilder.swift in Sources */,
				346B7B05214D54F1003BF737 /* URLRequest+curl.swift in Sources */,
				346B7B0F214D55E9003BF737 /* ErrorMessage.swift in Sources */,
				346B7B0C214D55AE003BF737 /* EssentiaError.swift in Sources */,
				346B7B04214D54F1003BF737 /* Result.swift in Sources */,
				346B7B01214D54F1003BF737 /* NetworkManagerInterface.swift in Sources */,
				346B7B0A214D554F003BF737 /* LoggerEventType.swift in Sources */,
				346B7B09214D554F003BF737 /* Logger.swift in Sources */,
				346B7B00214D54F1003BF737 /* NetworkManager.swift in Sources */,
				346B7B03214D54F1003BF737 /* RequestProtocol.swift in Sources */,
			);
			runOnlyForDeploymentPostprocessing = 0;
		};
		34B70B9F214D5BBC00FFD48C /* Sources */ = {
			isa = PBXSourcesBuildPhase;
			buildActionMask = 2147483647;
			files = (
				34B70BB3214D5DFE00FFD48C /* EssentiaError.swift in Sources */,
				34B70BB4214D5E0200FFD48C /* ErrorMessage.swift in Sources */,
				34B70BB8214D5E1100FFD48C /* URLRequest+curl.swift in Sources */,
				34B70BB0214D5DB700FFD48C /* NetworkManager.swift in Sources */,
				34B70BAF214D5C2C00FFD48C /* TestEndpoint.swift in Sources */,
				34B70BB6214D5E0800FFD48C /* Logger.swift in Sources */,
				34B70BB9214D5E1500FFD48C /* Result.swift in Sources */,
				34B70BB7214D5E0D00FFD48C /* RequestBuilder.swift in Sources */,
				34B70BB5214D5E0400FFD48C /* LoggerEventType.swift in Sources */,
				34B70BA6214D5BBC00FFD48C /* EssentiaNetworkCoreTests.swift in Sources */,
				34B70BB2214D5DF600FFD48C /* NetworkManagerInterface.swift in Sources */,
				34B70BB1214D5DBA00FFD48C /* RequestProtocol.swift in Sources */,
			);
			runOnlyForDeploymentPostprocessing = 0;
		};
/* End PBXSourcesBuildPhase section */

/* Begin PBXTargetDependency section */
		34B70BAA214D5BBC00FFD48C /* PBXTargetDependency */ = {
			isa = PBXTargetDependency;
			target = 346B7AEC214D5204003BF737 /* essentia-network-core-ios */;
			targetProxy = 34B70BA9214D5BBC00FFD48C /* PBXContainerItemProxy */;
		};
/* End PBXTargetDependency section */

/* Begin XCBuildConfiguration section */
		346B7AF2214D5204003BF737 /* Debug */ = {
			isa = XCBuildConfiguration;
			buildSettings = {
				ALWAYS_SEARCH_USER_PATHS = NO;
				CLANG_ANALYZER_NONNULL = YES;
				CLANG_ANALYZER_NUMBER_OBJECT_CONVERSION = YES_AGGRESSIVE;
				CLANG_CXX_LANGUAGE_STANDARD = "gnu++14";
				CLANG_CXX_LIBRARY = "libc++";
				CLANG_ENABLE_MODULES = YES;
				CLANG_ENABLE_OBJC_ARC = YES;
				CLANG_ENABLE_OBJC_WEAK = YES;
				CLANG_WARN_BLOCK_CAPTURE_AUTORELEASING = YES;
				CLANG_WARN_BOOL_CONVERSION = YES;
				CLANG_WARN_COMMA = YES;
				CLANG_WARN_CONSTANT_CONVERSION = YES;
				CLANG_WARN_DEPRECATED_OBJC_IMPLEMENTATIONS = YES;
				CLANG_WARN_DIRECT_OBJC_ISA_USAGE = YES_ERROR;
				CLANG_WARN_DOCUMENTATION_COMMENTS = YES;
				CLANG_WARN_EMPTY_BODY = YES;
				CLANG_WARN_ENUM_CONVERSION = YES;
				CLANG_WARN_INFINITE_RECURSION = YES;
				CLANG_WARN_INT_CONVERSION = YES;
				CLANG_WARN_NON_LITERAL_NULL_CONVERSION = YES;
				CLANG_WARN_OBJC_IMPLICIT_RETAIN_SELF = YES;
				CLANG_WARN_OBJC_LITERAL_CONVERSION = YES;
				CLANG_WARN_OBJC_ROOT_CLASS = YES_ERROR;
				CLANG_WARN_RANGE_LOOP_ANALYSIS = YES;
				CLANG_WARN_STRICT_PROTOTYPES = YES;
				CLANG_WARN_SUSPICIOUS_MOVE = YES;
				CLANG_WARN_UNGUARDED_AVAILABILITY = YES_AGGRESSIVE;
				CLANG_WARN_UNREACHABLE_CODE = YES;
				CLANG_WARN__DUPLICATE_METHOD_MATCH = YES;
				CODE_SIGN_IDENTITY = "iPhone Developer";
				COPY_PHASE_STRIP = NO;
				DEBUG_INFORMATION_FORMAT = dwarf;
				ENABLE_STRICT_OBJC_MSGSEND = YES;
				ENABLE_TESTABILITY = YES;
				GCC_C_LANGUAGE_STANDARD = gnu11;
				GCC_DYNAMIC_NO_PIC = NO;
				GCC_NO_COMMON_BLOCKS = YES;
				GCC_OPTIMIZATION_LEVEL = 0;
				GCC_PREPROCESSOR_DEFINITIONS = (
					"DEBUG=1",
					"$(inherited)",
				);
				GCC_WARN_64_TO_32_BIT_CONVERSION = YES;
				GCC_WARN_ABOUT_RETURN_TYPE = YES_ERROR;
				GCC_WARN_UNDECLARED_SELECTOR = YES;
				GCC_WARN_UNINITIALIZED_AUTOS = YES_AGGRESSIVE;
				GCC_WARN_UNUSED_FUNCTION = YES;
				GCC_WARN_UNUSED_VARIABLE = YES;
				IPHONEOS_DEPLOYMENT_TARGET = 11.4;
				MTL_ENABLE_DEBUG_INFO = YES;
				ONLY_ACTIVE_ARCH = YES;
				SDKROOT = iphoneos;
				SWIFT_ACTIVE_COMPILATION_CONDITIONS = DEBUG;
				SWIFT_OPTIMIZATION_LEVEL = "-Onone";
			};
			name = Debug;
		};
		346B7AF3214D5204003BF737 /* Release */ = {
			isa = XCBuildConfiguration;
			buildSettings = {
				ALWAYS_SEARCH_USER_PATHS = NO;
				CLANG_ANALYZER_NONNULL = YES;
				CLANG_ANALYZER_NUMBER_OBJECT_CONVERSION = YES_AGGRESSIVE;
				CLANG_CXX_LANGUAGE_STANDARD = "gnu++14";
				CLANG_CXX_LIBRARY = "libc++";
				CLANG_ENABLE_MODULES = YES;
				CLANG_ENABLE_OBJC_ARC = YES;
				CLANG_ENABLE_OBJC_WEAK = YES;
				CLANG_WARN_BLOCK_CAPTURE_AUTORELEASING = YES;
				CLANG_WARN_BOOL_CONVERSION = YES;
				CLANG_WARN_COMMA = YES;
				CLANG_WARN_CONSTANT_CONVERSION = YES;
				CLANG_WARN_DEPRECATED_OBJC_IMPLEMENTATIONS = YES;
				CLANG_WARN_DIRECT_OBJC_ISA_USAGE = YES_ERROR;
				CLANG_WARN_DOCUMENTATION_COMMENTS = YES;
				CLANG_WARN_EMPTY_BODY = YES;
				CLANG_WARN_ENUM_CONVERSION = YES;
				CLANG_WARN_INFINITE_RECURSION = YES;
				CLANG_WARN_INT_CONVERSION = YES;
				CLANG_WARN_NON_LITERAL_NULL_CONVERSION = YES;
				CLANG_WARN_OBJC_IMPLICIT_RETAIN_SELF = YES;
				CLANG_WARN_OBJC_LITERAL_CONVERSION = YES;
				CLANG_WARN_OBJC_ROOT_CLASS = YES_ERROR;
				CLANG_WARN_RANGE_LOOP_ANALYSIS = YES;
				CLANG_WARN_STRICT_PROTOTYPES = YES;
				CLANG_WARN_SUSPICIOUS_MOVE = YES;
				CLANG_WARN_UNGUARDED_AVAILABILITY = YES_AGGRESSIVE;
				CLANG_WARN_UNREACHABLE_CODE = YES;
				CLANG_WARN__DUPLICATE_METHOD_MATCH = YES;
				CODE_SIGN_IDENTITY = "iPhone Developer";
				COPY_PHASE_STRIP = NO;
				DEBUG_INFORMATION_FORMAT = "dwarf-with-dsym";
				ENABLE_NS_ASSERTIONS = NO;
				ENABLE_STRICT_OBJC_MSGSEND = YES;
				GCC_C_LANGUAGE_STANDARD = gnu11;
				GCC_NO_COMMON_BLOCKS = YES;
				GCC_WARN_64_TO_32_BIT_CONVERSION = YES;
				GCC_WARN_ABOUT_RETURN_TYPE = YES_ERROR;
				GCC_WARN_UNDECLARED_SELECTOR = YES;
				GCC_WARN_UNINITIALIZED_AUTOS = YES_AGGRESSIVE;
				GCC_WARN_UNUSED_FUNCTION = YES;
				GCC_WARN_UNUSED_VARIABLE = YES;
				IPHONEOS_DEPLOYMENT_TARGET = 11.4;
				MTL_ENABLE_DEBUG_INFO = NO;
				SDKROOT = iphoneos;
				SWIFT_COMPILATION_MODE = wholemodule;
				SWIFT_OPTIMIZATION_LEVEL = "-O";
				VALIDATE_PRODUCT = YES;
			};
			name = Release;
		};
		346B7AF5214D5204003BF737 /* Debug */ = {
			isa = XCBuildConfiguration;
			buildSettings = {
				CODE_SIGN_STYLE = Automatic;
				DEVELOPMENT_TEAM = X24R65DM8E;
				OTHER_LDFLAGS = "-ObjC";
				PRODUCT_NAME = "$(TARGET_NAME)";
				SKIP_INSTALL = YES;
				SWIFT_VERSION = 4.0;
				TARGETED_DEVICE_FAMILY = "1,2";
			};
			name = Debug;
		};
		346B7AF6214D5204003BF737 /* Release */ = {
			isa = XCBuildConfiguration;
			buildSettings = {
				CODE_SIGN_STYLE = Automatic;
				DEVELOPMENT_TEAM = X24R65DM8E;
				OTHER_LDFLAGS = "-ObjC";
				PRODUCT_NAME = "$(TARGET_NAME)";
				SKIP_INSTALL = YES;
				SWIFT_VERSION = 4.0;
				TARGETED_DEVICE_FAMILY = "1,2";
			};
			name = Release;
		};
		34B70BAB214D5BBC00FFD48C /* Debug */ = {
			isa = XCBuildConfiguration;
			buildSettings = {
				CODE_SIGN_STYLE = Automatic;
				DEVELOPMENT_TEAM = X24R65DM8E;
				INFOPLIST_FILE = "essentia-network-core-ios-tests/Info.plist";
				LD_RUNPATH_SEARCH_PATHS = (
					"$(inherited)",
					"@executable_path/Frameworks",
					"@loader_path/Frameworks",
				);
				PRODUCT_BUNDLE_IDENTIFIER = "Essentia.essentia-network-core-ios-tests";
				PRODUCT_NAME = "$(TARGET_NAME)";
				SWIFT_VERSION = 4.0;
				TARGETED_DEVICE_FAMILY = "1,2";
			};
			name = Debug;
		};
		34B70BAC214D5BBC00FFD48C /* Release */ = {
			isa = XCBuildConfiguration;
			buildSettings = {
				CODE_SIGN_STYLE = Automatic;
				DEVELOPMENT_TEAM = X24R65DM8E;
				INFOPLIST_FILE = "essentia-network-core-ios-tests/Info.plist";
				LD_RUNPATH_SEARCH_PATHS = (
					"$(inherited)",
					"@executable_path/Frameworks",
					"@loader_path/Frameworks",
				);
				PRODUCT_BUNDLE_IDENTIFIER = "Essentia.essentia-network-core-ios-tests";
				PRODUCT_NAME = "$(TARGET_NAME)";
				SWIFT_VERSION = 4.0;
				TARGETED_DEVICE_FAMILY = "1,2";
			};
			name = Release;
		};
/* End XCBuildConfiguration section */

/* Begin XCConfigurationList section */
		346B7AE8214D5204003BF737 /* Build configuration list for PBXProject "essentia-network-core-ios" */ = {
			isa = XCConfigurationList;
			buildConfigurations = (
				346B7AF2214D5204003BF737 /* Debug */,
				346B7AF3214D5204003BF737 /* Release */,
			);
			defaultConfigurationIsVisible = 0;
			defaultConfigurationName = Release;
		};
		346B7AF4214D5204003BF737 /* Build configuration list for PBXNativeTarget "essentia-network-core-ios" */ = {
			isa = XCConfigurationList;
			buildConfigurations = (
				346B7AF5214D5204003BF737 /* Debug */,
				346B7AF6214D5204003BF737 /* Release */,
			);
			defaultConfigurationIsVisible = 0;
			defaultConfigurationName = Release;
		};
		34B70BAD214D5BBC00FFD48C /* Build configuration list for PBXNativeTarget "essentia-network-core-ios-tests" */ = {
			isa = XCConfigurationList;
			buildConfigurations = (
				34B70BAB214D5BBC00FFD48C /* Debug */,
				34B70BAC214D5BBC00FFD48C /* Release */,
			);
			defaultConfigurationIsVisible = 0;
			defaultConfigurationName = Release;
		};
/* End XCConfigurationList section */
	};
	rootObject = 346B7AE5214D5204003BF737 /* Project object */;
}
